
Microsoft Visual Studio Solution File, Format Version 12.00
# Visual Studio Version 16
VisualStudioVersion = 16.0.29411.108
MinimumVisualStudioVersion = 10.0.40219.1
Project("{9A19103F-16F7-4668-BE54-9A1E7A4F7556}") = "AlgorithmsAndDataStructures", "AlgorithmsAndDataStructures\AlgorithmsAndDataStructures.csproj", "{DE989439-5E91-405C-86D1-CED7C77F788C}"
EndProject
Project("{9A19103F-16F7-4668-BE54-9A1E7A4F7556}") = "BinarySearchTree", "BinarySearchTree\BinarySearchTree.csproj", "{FC6906C5-8F06-4AFB-AF81-E8EB778E1DAB}"
EndProject
Project("{9A19103F-16F7-4668-BE54-9A1E7A4F7556}") = "IsUnique", "IsUnique\IsUnique.csproj", "{16304245-E79A-4153-ABD5-429350C73274}"
EndProject
Project("{9A19103F-16F7-4668-BE54-9A1E7A4F7556}") = "Chapter1.ArraysAndStrings", "ArraysAndStrings\Chapter1.ArraysAndStrings.csproj", "{7F0D266E-F75C-41FB-AEF7-135C129D5E6B}"
EndProject
Project("{FAE04EC0-301F-11D3-BF4B-00C04F79EFBC}") = "Chapter2.LinkedLists", "Chapter2.LinkedLists\Chapter2.LinkedLists.csproj", "{0BECA352-9561-4DEF-A7BC-65E954C0E282}"
EndProject
Global
	GlobalSection(SolutionConfigurationPlatforms) = preSolution
		Debug|Any CPU = Debug|Any CPU
		Release|Any CPU = Release|Any CPU
	EndGlobalSection
	GlobalSection(ProjectConfigurationPlatforms) = postSolution
		{DE989439-5E91-405C-86D1-CED7C77F788C}.Debug|Any CPU.ActiveCfg = Debug|Any CPU
		{DE989439-5E91-405C-86D1-CED7C77F788C}.Debug|Any CPU.Build.0 = Debug|Any CPU
		{DE989439-5E91-405C-86D1-CED7C77F788C}.Release|Any CPU.ActiveCfg = Release|Any CPU
		{DE989439-5E91-405C-86D1-CED7C77F788C}.Release|Any CPU.Build.0 = Release|Any CPU
		{FC6906C5-8F06-4AFB-AF81-E8EB778E1DAB}.Debug|Any CPU.ActiveCfg = Debug|Any CPU
		{FC6906C5-8F06-4AFB-AF81-E8EB778E1DAB}.Debug|Any CPU.Build.0 = Debug|Any CPU
		{FC6906C5-8F06-4AFB-AF81-E8EB778E1DAB}.Release|Any CPU.ActiveCfg = Release|Any CPU
		{FC6906C5-8F06-4AFB-AF81-E8EB778E1DAB}.Release|Any CPU.Build.0 = Release|Any CPU
		{16304245-E79A-4153-ABD5-429350C73274}.Debug|Any CPU.ActiveCfg = Debug|Any CPU
		{16304245-E79A-4153-ABD5-429350C73274}.Debug|Any CPU.Build.0 = Debug|Any CPU
		{16304245-E79A-4153-ABD5-429350C73274}.Release|Any CPU.ActiveCfg = Release|Any CPU
		{16304245-E79A-4153-ABD5-429350C73274}.Release|Any CPU.Build.0 = Release|Any CPU
		{7F0D266E-F75C-41FB-AEF7-135C129D5E6B}.Debug|Any CPU.ActiveCfg = Debug|Any CPU
		{7F0D266E-F75C-41FB-AEF7-135C129D5E6B}.Debug|Any CPU.Build.0 = Debug|Any CPU
		{7F0D266E-F75C-41FB-AEF7-135C129D5E6B}.Release|Any CPU.ActiveCfg = Release|Any CPU
		{7F0D266E-F75C-41FB-AEF7-135C129D5E6B}.Release|Any CPU.Build.0 = Release|Any CPU
		{0BECA352-9561-4DEF-A7BC-65E954C0E282}.Debug|Any CPU.ActiveCfg = Debug|Any CPU
		{0BECA352-9561-4DEF-A7BC-65E954C0E282}.Debug|Any CPU.Build.0 = Debug|Any CPU
		{0BECA352-9561-4DEF-A7BC-65E954C0E282}.Release|Any CPU.ActiveCfg = Release|Any CPU
		{0BECA352-9561-4DEF-A7BC-65E954C0E282}.Release|Any CPU.Build.0 = Release|Any CPU
	EndGlobalSection
	GlobalSection(SolutionProperties) = preSolution
		HideSolutionNode = FALSE
	EndGlobalSection
	GlobalSection(ExtensibilityGlobals) = postSolution
		SolutionGuid = {7776CBF0-AEDB-4341-A2D3-CE15462947AD}
	EndGlobalSection
EndGlobal
